// !$*UTF8*$!
{
	archiveVersion = 1;
	classes = {
	};
	objectVersion = 46;
	objects = {

/* Begin PBXBuildFile section */
		7826924A1DE4C2DF00E4FBDC /* Contacts.framework in Frameworks */ = {isa = PBXBuildFile; fileRef = 782692491DE4C2DF00E4FBDC /* Contacts.framework */; };
		7839BC0C1DE5F93500ACE95F /* MarsImagesViewController.swift in Sources */ = {isa = PBXBuildFile; fileRef = 7839BC0B1DE5F93500ACE95F /* MarsImagesViewController.swift */; };
		7839BC0E1DE5F94600ACE95F /* MarsImageCell.swift in Sources */ = {isa = PBXBuildFile; fileRef = 7839BC0D1DE5F94600ACE95F /* MarsImageCell.swift */; };
		7839BC101DE5FA8700ACE95F /* AlertManager.swift in Sources */ = {isa = PBXBuildFile; fileRef = 7839BC0F1DE5FA8700ACE95F /* AlertManager.swift */; };
		7842C66A1DEDD5C7000C75A2 /* ImageViewController.swift in Sources */ = {isa = PBXBuildFile; fileRef = 7842C6691DEDD5C7000C75A2 /* ImageViewController.swift */; };
		78872A8C1DDCBF3C00038A55 /* AppDelegate.swift in Sources */ = {isa = PBXBuildFile; fileRef = 78872A8B1DDCBF3C00038A55 /* AppDelegate.swift */; };
		78872A911DDCBF3C00038A55 /* Main.storyboard in Resources */ = {isa = PBXBuildFile; fileRef = 78872A8F1DDCBF3C00038A55 /* Main.storyboard */; };
		78872A931DDCBF3C00038A55 /* Assets.xcassets in Resources */ = {isa = PBXBuildFile; fileRef = 78872A921DDCBF3C00038A55 /* Assets.xcassets */; };
		78872A961DDCBF3C00038A55 /* LaunchScreen.storyboard in Resources */ = {isa = PBXBuildFile; fileRef = 78872A941DDCBF3C00038A55 /* LaunchScreen.storyboard */; };
		78872AA11DDCBF3C00038A55 /* NASAppTests.swift in Sources */ = {isa = PBXBuildFile; fileRef = 78872AA01DDCBF3C00038A55 /* NASAppTests.swift */; };
		78872AAE1DDCC09A00038A55 /* NetworkManager.swift in Sources */ = {isa = PBXBuildFile; fileRef = 78872AAD1DDCC09A00038A55 /* NetworkManager.swift */; };
		78872AB21DDCC1FF00038A55 /* Nuke.framework in Frameworks */ = {isa = PBXBuildFile; fileRef = 78872AB11DDCC1FF00038A55 /* Nuke.framework */; };
		78872AB41DDCC95600038A55 /* Endpoint.swift in Sources */ = {isa = PBXBuildFile; fileRef = 78872AB31DDCC95600038A55 /* Endpoint.swift */; };
		78915D131DEC95BA00CFF098 /* PreviewController.swift in Sources */ = {isa = PBXBuildFile; fileRef = 78915D121DEC95BA00CFF098 /* PreviewController.swift */; };
		78AD7D111DEF2E2200135AAA /* MainViewController.swift in Sources */ = {isa = PBXBuildFile; fileRef = 78AD7D101DEF2E2200135AAA /* MainViewController.swift */; };
		78DECF551DEAFF62008CBF28 /* MarsDetailViewController.swift in Sources */ = {isa = PBXBuildFile; fileRef = 78DECF541DEAFF62008CBF28 /* MarsDetailViewController.swift */; };
		78DECF5A1DEAFFF6008CBF28 /* MarsPhoto.swift in Sources */ = {isa = PBXBuildFile; fileRef = 78DECF591DEAFFF6008CBF28 /* MarsPhoto.swift */; };
		78DECF5D1DEB0021008CBF28 /* Photo.swift in Sources */ = {isa = PBXBuildFile; fileRef = 78DECF5C1DEB0021008CBF28 /* Photo.swift */; };
		78DECF5F1DEB042B008CBF28 /* EarthPhoto.swift in Sources */ = {isa = PBXBuildFile; fileRef = 78DECF5E1DEB042B008CBF28 /* EarthPhoto.swift */; };
		78DFBB881DE1B7B000ED5715 /* PhotoManager.swift in Sources */ = {isa = PBXBuildFile; fileRef = 78DFBB871DE1B7B000ED5715 /* PhotoManager.swift */; };
		78DFBB8E1DE1D11200ED5715 /* Result.swift in Sources */ = {isa = PBXBuildFile; fileRef = 78DFBB8D1DE1D11200ED5715 /* Result.swift */; };
		78DFBB901DE1D4C900ED5715 /* Geocoder.swift in Sources */ = {isa = PBXBuildFile; fileRef = 78DFBB8F1DE1D4C900ED5715 /* Geocoder.swift */; };
		78FF86BF1DE4A5F7006745C2 /* ContactManager.swift in Sources */ = {isa = PBXBuildFile; fileRef = 78FF86BE1DE4A5F7006745C2 /* ContactManager.swift */; };
/* End PBXBuildFile section */

/* Begin PBXContainerItemProxy section */
		78872A9D1DDCBF3C00038A55 /* PBXContainerItemProxy */ = {
			isa = PBXContainerItemProxy;
			containerPortal = 78872A801DDCBF3C00038A55 /* Project object */;
			proxyType = 1;
			remoteGlobalIDString = 78872A871DDCBF3C00038A55;
			remoteInfo = NASApp;
		};
/* End PBXContainerItemProxy section */

/* Begin PBXFileReference section */
		782692491DE4C2DF00E4FBDC /* Contacts.framework */ = {isa = PBXFileReference; lastKnownFileType = wrapper.framework; name = Contacts.framework; path = System/Library/Frameworks/Contacts.framework; sourceTree = SDKROOT; };
		7839BC0B1DE5F93500ACE95F /* MarsImagesViewController.swift */ = {isa = PBXFileReference; fileEncoding = 4; lastKnownFileType = sourcecode.swift; path = MarsImagesViewController.swift; sourceTree = "<group>"; };
		7839BC0D1DE5F94600ACE95F /* MarsImageCell.swift */ = {isa = PBXFileReference; fileEncoding = 4; lastKnownFileType = sourcecode.swift; path = MarsImageCell.swift; sourceTree = "<group>"; };
		7839BC0F1DE5FA8700ACE95F /* AlertManager.swift */ = {isa = PBXFileReference; fileEncoding = 4; lastKnownFileType = sourcecode.swift; path = AlertManager.swift; sourceTree = "<group>"; };
		7842C6691DEDD5C7000C75A2 /* ImageViewController.swift */ = {isa = PBXFileReference; fileEncoding = 4; lastKnownFileType = sourcecode.swift; path = ImageViewController.swift; sourceTree = "<group>"; };
		78872A881DDCBF3C00038A55 /* NASApp.app */ = {isa = PBXFileReference; explicitFileType = wrapper.application; includeInIndex = 0; path = NASApp.app; sourceTree = BUILT_PRODUCTS_DIR; };
		78872A8B1DDCBF3C00038A55 /* AppDelegate.swift */ = {isa = PBXFileReference; lastKnownFileType = sourcecode.swift; path = AppDelegate.swift; sourceTree = "<group>"; };
		78872A901DDCBF3C00038A55 /* Base */ = {isa = PBXFileReference; lastKnownFileType = file.storyboard; name = Base; path = Base.lproj/Main.storyboard; sourceTree = "<group>"; };
		78872A921DDCBF3C00038A55 /* Assets.xcassets */ = {isa = PBXFileReference; lastKnownFileType = folder.assetcatalog; path = Assets.xcassets; sourceTree = "<group>"; };
		78872A951DDCBF3C00038A55 /* Base */ = {isa = PBXFileReference; lastKnownFileType = file.storyboard; name = Base; path = Base.lproj/LaunchScreen.storyboard; sourceTree = "<group>"; };
		78872A971DDCBF3C00038A55 /* Info.plist */ = {isa = PBXFileReference; lastKnownFileType = text.plist.xml; path = Info.plist; sourceTree = "<group>"; };
		78872A9C1DDCBF3C00038A55 /* NASAppTests.xctest */ = {isa = PBXFileReference; explicitFileType = wrapper.cfbundle; includeInIndex = 0; path = NASAppTests.xctest; sourceTree = BUILT_PRODUCTS_DIR; };
		78872AA01DDCBF3C00038A55 /* NASAppTests.swift */ = {isa = PBXFileReference; lastKnownFileType = sourcecode.swift; path = NASAppTests.swift; sourceTree = "<group>"; };
		78872AA21DDCBF3C00038A55 /* Info.plist */ = {isa = PBXFileReference; lastKnownFileType = text.plist.xml; path = Info.plist; sourceTree = "<group>"; };
		78872AAD1DDCC09A00038A55 /* NetworkManager.swift */ = {isa = PBXFileReference; fileEncoding = 4; lastKnownFileType = sourcecode.swift; path = NetworkManager.swift; sourceTree = "<group>"; };
		78872AB11DDCC1FF00038A55 /* Nuke.framework */ = {isa = PBXFileReference; lastKnownFileType = wrapper.framework; name = Nuke.framework; path = Carthage/Build/iOS/Nuke.framework; sourceTree = "<group>"; };
		78872AB31DDCC95600038A55 /* Endpoint.swift */ = {isa = PBXFileReference; fileEncoding = 4; lastKnownFileType = sourcecode.swift; path = Endpoint.swift; sourceTree = "<group>"; };
		78915D121DEC95BA00CFF098 /* PreviewController.swift */ = {isa = PBXFileReference; fileEncoding = 4; lastKnownFileType = sourcecode.swift; path = PreviewController.swift; sourceTree = "<group>"; };
		78AD7D101DEF2E2200135AAA /* MainViewController.swift */ = {isa = PBXFileReference; fileEncoding = 4; lastKnownFileType = sourcecode.swift; path = MainViewController.swift; sourceTree = "<group>"; };
		78DECF541DEAFF62008CBF28 /* MarsDetailViewController.swift */ = {isa = PBXFileReference; fileEncoding = 4; lastKnownFileType = sourcecode.swift; path = MarsDetailViewController.swift; sourceTree = "<group>"; };
		78DECF591DEAFFF6008CBF28 /* MarsPhoto.swift */ = {isa = PBXFileReference; fileEncoding = 4; lastKnownFileType = sourcecode.swift; path = MarsPhoto.swift; sourceTree = "<group>"; };
		78DECF5C1DEB0021008CBF28 /* Photo.swift */ = {isa = PBXFileReference; fileEncoding = 4; lastKnownFileType = sourcecode.swift; path = Photo.swift; sourceTree = "<group>"; };
		78DECF5E1DEB042B008CBF28 /* EarthPhoto.swift */ = {isa = PBXFileReference; fileEncoding = 4; lastKnownFileType = sourcecode.swift; path = EarthPhoto.swift; sourceTree = "<group>"; };
		78DFBB871DE1B7B000ED5715 /* PhotoManager.swift */ = {isa = PBXFileReference; fileEncoding = 4; lastKnownFileType = sourcecode.swift; path = PhotoManager.swift; sourceTree = "<group>"; };
		78DFBB8D1DE1D11200ED5715 /* Result.swift */ = {isa = PBXFileReference; fileEncoding = 4; lastKnownFileType = sourcecode.swift; path = Result.swift; sourceTree = "<group>"; };
		78DFBB8F1DE1D4C900ED5715 /* Geocoder.swift */ = {isa = PBXFileReference; fileEncoding = 4; lastKnownFileType = sourcecode.swift; path = Geocoder.swift; sourceTree = "<group>"; };
		78FF86BE1DE4A5F7006745C2 /* ContactManager.swift */ = {isa = PBXFileReference; fileEncoding = 4; lastKnownFileType = sourcecode.swift; path = ContactManager.swift; sourceTree = "<group>"; };
/* End PBXFileReference section */

/* Begin PBXFrameworksBuildPhase section */
		78872A851DDCBF3C00038A55 /* Frameworks */ = {
			isa = PBXFrameworksBuildPhase;
			buildActionMask = 2147483647;
			files = (
				7826924A1DE4C2DF00E4FBDC /* Contacts.framework in Frameworks */,
				78872AB21DDCC1FF00038A55 /* Nuke.framework in Frameworks */,
			);
			runOnlyForDeploymentPostprocessing = 0;
		};
		78872A991DDCBF3C00038A55 /* Frameworks */ = {
			isa = PBXFrameworksBuildPhase;
			buildActionMask = 2147483647;
			files = (
			);
			runOnlyForDeploymentPostprocessing = 0;
		};
/* End PBXFrameworksBuildPhase section */

/* Begin PBXGroup section */
		7842C6681DEDD312000C75A2 /* Earth View Controllers */ = {
			isa = PBXGroup;
			children = (
				7842C6691DEDD5C7000C75A2 /* ImageViewController.swift */,
			);
			name = "Earth View Controllers";
			sourceTree = "<group>";
		};
		78872A7F1DDCBF3C00038A55 = {
			isa = PBXGroup;
			children = (
				78872A8A1DDCBF3C00038A55 /* NASApp */,
				78872A9F1DDCBF3C00038A55 /* NASAppTests */,
				78872A891DDCBF3C00038A55 /* Products */,
				78872AB01DDCC1FF00038A55 /* Frameworks */,
			);
			sourceTree = "<group>";
		};
		78872A891DDCBF3C00038A55 /* Products */ = {
			isa = PBXGroup;
			children = (
				78872A881DDCBF3C00038A55 /* NASApp.app */,
				78872A9C1DDCBF3C00038A55 /* NASAppTests.xctest */,
			);
			name = Products;
			sourceTree = "<group>";
		};
		78872A8A1DDCBF3C00038A55 /* NASApp */ = {
			isa = PBXGroup;
			children = (
				78872A8B1DDCBF3C00038A55 /* AppDelegate.swift */,
				78AD7D101DEF2E2200135AAA /* MainViewController.swift */,
				78DECF561DEAFF70008CBF28 /* Mars View Controllers */,
				7842C6681DEDD312000C75A2 /* Earth View Controllers */,
				78DECF571DEAFFC7008CBF28 /* Model Managers */,
				78DECF5B1DEB0007008CBF28 /* Model */,
				78DECF581DEAFFDB008CBF28 /* Helpers */,
				78872A8F1DDCBF3C00038A55 /* Main.storyboard */,
				78872A921DDCBF3C00038A55 /* Assets.xcassets */,
				78872A941DDCBF3C00038A55 /* LaunchScreen.storyboard */,
				78872A971DDCBF3C00038A55 /* Info.plist */,
			);
			path = NASApp;
			sourceTree = "<group>";
		};
		78872A9F1DDCBF3C00038A55 /* NASAppTests */ = {
			isa = PBXGroup;
			children = (
				78872AA01DDCBF3C00038A55 /* NASAppTests.swift */,
				78872AA21DDCBF3C00038A55 /* Info.plist */,
			);
			path = NASAppTests;
			sourceTree = "<group>";
		};
		78872AB01DDCC1FF00038A55 /* Frameworks */ = {
			isa = PBXGroup;
			children = (
				782692491DE4C2DF00E4FBDC /* Contacts.framework */,
				78872AB11DDCC1FF00038A55 /* Nuke.framework */,
			);
			name = Frameworks;
			sourceTree = "<group>";
		};
		78DECF561DEAFF70008CBF28 /* Mars View Controllers */ = {
			isa = PBXGroup;
			children = (
				7839BC0B1DE5F93500ACE95F /* MarsImagesViewController.swift */,
				7839BC0D1DE5F94600ACE95F /* MarsImageCell.swift */,
				78DECF541DEAFF62008CBF28 /* MarsDetailViewController.swift */,
				78915D121DEC95BA00CFF098 /* PreviewController.swift */,
			);
			name = "Mars View Controllers";
			sourceTree = "<group>";
		};
		78DECF571DEAFFC7008CBF28 /* Model Managers */ = {
			isa = PBXGroup;
			children = (
				78DFBB871DE1B7B000ED5715 /* PhotoManager.swift */,
				78DFBB8F1DE1D4C900ED5715 /* Geocoder.swift */,
				78FF86BE1DE4A5F7006745C2 /* ContactManager.swift */,
				78872AAD1DDCC09A00038A55 /* NetworkManager.swift */,
				7839BC0F1DE5FA8700ACE95F /* AlertManager.swift */,
			);
			name = "Model Managers";
			sourceTree = "<group>";
		};
		78DECF581DEAFFDB008CBF28 /* Helpers */ = {
			isa = PBXGroup;
			children = (
				78872AB31DDCC95600038A55 /* Endpoint.swift */,
				78DFBB8D1DE1D11200ED5715 /* Result.swift */,
			);
			name = Helpers;
			sourceTree = "<group>";
		};
		78DECF5B1DEB0007008CBF28 /* Model */ = {
			isa = PBXGroup;
			children = (
				78DECF5C1DEB0021008CBF28 /* Photo.swift */,
				78DECF591DEAFFF6008CBF28 /* MarsPhoto.swift */,
				78DECF5E1DEB042B008CBF28 /* EarthPhoto.swift */,
			);
			name = Model;
			sourceTree = "<group>";
		};
/* End PBXGroup section */

/* Begin PBXNativeTarget section */
		78872A871DDCBF3C00038A55 /* NASApp */ = {
			isa = PBXNativeTarget;
			buildConfigurationList = 78872AA51DDCBF3C00038A55 /* Build configuration list for PBXNativeTarget "NASApp" */;
			buildPhases = (
				78872A841DDCBF3C00038A55 /* Sources */,
				78872A851DDCBF3C00038A55 /* Frameworks */,
				78872A861DDCBF3C00038A55 /* Resources */,
				78872AAF1DDCC1DE00038A55 /* ShellScript */,
			);
			buildRules = (
			);
			dependencies = (
			);
			name = NASApp;
			productName = NASApp;
			productReference = 78872A881DDCBF3C00038A55 /* NASApp.app */;
			productType = "com.apple.product-type.application";
		};
		78872A9B1DDCBF3C00038A55 /* NASAppTests */ = {
			isa = PBXNativeTarget;
			buildConfigurationList = 78872AA81DDCBF3C00038A55 /* Build configuration list for PBXNativeTarget "NASAppTests" */;
			buildPhases = (
				78872A981DDCBF3C00038A55 /* Sources */,
				78872A991DDCBF3C00038A55 /* Frameworks */,
				78872A9A1DDCBF3C00038A55 /* Resources */,
			);
			buildRules = (
			);
			dependencies = (
				78872A9E1DDCBF3C00038A55 /* PBXTargetDependency */,
			);
			name = NASAppTests;
			productName = NASAppTests;
			productReference = 78872A9C1DDCBF3C00038A55 /* NASAppTests.xctest */;
			productType = "com.apple.product-type.bundle.unit-test";
		};
/* End PBXNativeTarget section */

/* Begin PBXProject section */
		78872A801DDCBF3C00038A55 /* Project object */ = {
			isa = PBXProject;
			attributes = {
				LastSwiftUpdateCheck = 0810;
				LastUpgradeCheck = 1100;
				ORGANIZATIONNAME = "Dennis Parussini";
				TargetAttributes = {
					78872A871DDCBF3C00038A55 = {
						CreatedOnToolsVersion = 8.1;
						DevelopmentTeam = DEYT8Z7L38;
						LastSwiftMigration = 1100;
						ProvisioningStyle = Automatic;
					};
					78872A9B1DDCBF3C00038A55 = {
						CreatedOnToolsVersion = 8.1;
						DevelopmentTeam = DEYT8Z7L38;
						LastSwiftMigration = 1100;
						ProvisioningStyle = Automatic;
						TestTargetID = 78872A871DDCBF3C00038A55;
					};
				};
			};
			buildConfigurationList = 78872A831DDCBF3C00038A55 /* Build configuration list for PBXProject "NASApp" */;
			compatibilityVersion = "Xcode 3.2";
			developmentRegion = en;
			hasScannedForEncodings = 0;
			knownRegions = (
				en,
				Base,
			);
			mainGroup = 78872A7F1DDCBF3C00038A55;
			productRefGroup = 78872A891DDCBF3C00038A55 /* Products */;
			projectDirPath = "";
			projectRoot = "";
			targets = (
				78872A871DDCBF3C00038A55 /* NASApp */,
				78872A9B1DDCBF3C00038A55 /* NASAppTests */,
			);
		};
/* End PBXProject section */

/* Begin PBXResourcesBuildPhase section */
		78872A861DDCBF3C00038A55 /* Resources */ = {
			isa = PBXResourcesBuildPhase;
			buildActionMask = 2147483647;
			files = (
				78872A961DDCBF3C00038A55 /* LaunchScreen.storyboard in Resources */,
				78872A931DDCBF3C00038A55 /* Assets.xcassets in Resources */,
				78872A911DDCBF3C00038A55 /* Main.storyboard in Resources */,
			);
			runOnlyForDeploymentPostprocessing = 0;
		};
		78872A9A1DDCBF3C00038A55 /* Resources */ = {
			isa = PBXResourcesBuildPhase;
			buildActionMask = 2147483647;
			files = (
			);
			runOnlyForDeploymentPostprocessing = 0;
		};
/* End PBXResourcesBuildPhase section */

/* Begin PBXShellScriptBuildPhase section */
		78872AAF1DDCC1DE00038A55 /* ShellScript */ = {
			isa = PBXShellScriptBuildPhase;
			buildActionMask = 2147483647;
			files = (
			);
			inputPaths = (
				"$(SRCROOT)/Carthage/Build/iOS/Nuke.framework",
			);
			outputPaths = (
			);
			runOnlyForDeploymentPostprocessing = 0;
			shellPath = /bin/sh;
			shellScript = "/usr/local/bin/carthage copy-frameworks\n";
		};
/* End PBXShellScriptBuildPhase section */

/* Begin PBXSourcesBuildPhase section */
		78872A841DDCBF3C00038A55 /* Sources */ = {
			isa = PBXSourcesBuildPhase;
			buildActionMask = 2147483647;
			files = (
				78DECF5A1DEAFFF6008CBF28 /* MarsPhoto.swift in Sources */,
				78FF86BF1DE4A5F7006745C2 /* ContactManager.swift in Sources */,
				7839BC0C1DE5F93500ACE95F /* MarsImagesViewController.swift in Sources */,
				7842C66A1DEDD5C7000C75A2 /* ImageViewController.swift in Sources */,
				78915D131DEC95BA00CFF098 /* PreviewController.swift in Sources */,
				7839BC101DE5FA8700ACE95F /* AlertManager.swift in Sources */,
				78DFBB881DE1B7B000ED5715 /* PhotoManager.swift in Sources */,
				78872AAE1DDCC09A00038A55 /* NetworkManager.swift in Sources */,
				78DECF5D1DEB0021008CBF28 /* Photo.swift in Sources */,
				78872AB41DDCC95600038A55 /* Endpoint.swift in Sources */,
				78872A8C1DDCBF3C00038A55 /* AppDelegate.swift in Sources */,
				78DECF551DEAFF62008CBF28 /* MarsDetailViewController.swift in Sources */,
				78DFBB8E1DE1D11200ED5715 /* Result.swift in Sources */,
				78DECF5F1DEB042B008CBF28 /* EarthPhoto.swift in Sources */,
				78AD7D111DEF2E2200135AAA /* MainViewController.swift in Sources */,
				7839BC0E1DE5F94600ACE95F /* MarsImageCell.swift in Sources */,
				78DFBB901DE1D4C900ED5715 /* Geocoder.swift in Sources */,
			);
			runOnlyForDeploymentPostprocessing = 0;
		};
		78872A981DDCBF3C00038A55 /* Sources */ = {
			isa = PBXSourcesBuildPhase;
			buildActionMask = 2147483647;
			files = (
				78872AA11DDCBF3C00038A55 /* NASAppTests.swift in Sources */,
			);
			runOnlyForDeploymentPostprocessing = 0;
		};
/* End PBXSourcesBuildPhase section */

/* Begin PBXTargetDependency section */
		78872A9E1DDCBF3C00038A55 /* PBXTargetDependency */ = {
			isa = PBXTargetDependency;
			target = 78872A871DDCBF3C00038A55 /* NASApp */;
			targetProxy = 78872A9D1DDCBF3C00038A55 /* PBXContainerItemProxy */;
		};
/* End PBXTargetDependency section */

/* Begin PBXVariantGroup section */
		78872A8F1DDCBF3C00038A55 /* Main.storyboard */ = {
			isa = PBXVariantGroup;
			children = (
				78872A901DDCBF3C00038A55 /* Base */,
			);
			name = Main.storyboard;
			sourceTree = "<group>";
		};
		78872A941DDCBF3C00038A55 /* LaunchScreen.storyboard */ = {
			isa = PBXVariantGroup;
			children = (
				78872A951DDCBF3C00038A55 /* Base */,
			);
			name = LaunchScreen.storyboard;
			sourceTree = "<group>";
		};
/* End PBXVariantGroup section */

/* Begin XCBuildConfiguration section */
		78872AA31DDCBF3C00038A55 /* Debug */ = {
			isa = XCBuildConfiguration;
			buildSettings = {
				ALWAYS_SEARCH_USER_PATHS = NO;
				CLANG_ANALYZER_LOCALIZABILITY_NONLOCALIZED = YES;
				CLANG_ANALYZER_NONNULL = YES;
				CLANG_CXX_LANGUAGE_STANDARD = "gnu++0x";
				CLANG_CXX_LIBRARY = "libc++";
				CLANG_ENABLE_MODULES = YES;
				CLANG_ENABLE_OBJC_ARC = YES;
				CLANG_WARN_BLOCK_CAPTURE_AUTORELEASING = YES;
				CLANG_WARN_BOOL_CONVERSION = YES;
				CLANG_WARN_COMMA = YES;
				CLANG_WARN_CONSTANT_CONVERSION = YES;
				CLANG_WARN_DEPRECATED_OBJC_IMPLEMENTATIONS = YES;
				CLANG_WARN_DIRECT_OBJC_ISA_USAGE = YES_ERROR;
				CLANG_WARN_DOCUMENTATION_COMMENTS = YES;
				CLANG_WARN_EMPTY_BODY = YES;
				CLANG_WARN_ENUM_CONVERSION = YES;
				CLANG_WARN_INFINITE_RECURSION = YES;
				CLANG_WARN_INT_CONVERSION = YES;
				CLANG_WARN_NON_LITERAL_NULL_CONVERSION = YES;
				CLANG_WARN_OBJC_IMPLICIT_RETAIN_SELF = YES;
				CLANG_WARN_OBJC_LITERAL_CONVERSION = YES;
				CLANG_WARN_OBJC_ROOT_CLASS = YES_ERROR;
				CLANG_WARN_RANGE_LOOP_ANALYSIS = YES;
				CLANG_WARN_STRICT_PROTOTYPES = YES;
				CLANG_WARN_SUSPICIOUS_MOVE = YES;
				CLANG_WARN_SUSPICIOUS_MOVES = YES;
				CLANG_WARN_UNREACHABLE_CODE = YES;
				CLANG_WARN__DUPLICATE_METHOD_MATCH = YES;
				"CODE_SIGN_IDENTITY[sdk=iphoneos*]" = "iPhone Developer";
				COPY_PHASE_STRIP = NO;
				DEBUG_INFORMATION_FORMAT = dwarf;
				ENABLE_STRICT_OBJC_MSGSEND = YES;
				ENABLE_TESTABILITY = YES;
				GCC_C_LANGUAGE_STANDARD = gnu99;
				GCC_DYNAMIC_NO_PIC = NO;
				GCC_NO_COMMON_BLOCKS = YES;
				GCC_OPTIMIZATION_LEVEL = 0;
				GCC_PREPROCESSOR_DEFINITIONS = (
					"DEBUG=1",
					"$(inherited)",
				);
				GCC_WARN_64_TO_32_BIT_CONVERSION = YES;
				GCC_WARN_ABOUT_RETURN_TYPE = YES_ERROR;
				GCC_WARN_UNDECLARED_SELECTOR = YES;
				GCC_WARN_UNINITIALIZED_AUTOS = YES_AGGRESSIVE;
				GCC_WARN_UNUSED_FUNCTION = YES;
				GCC_WARN_UNUSED_VARIABLE = YES;
				IPHONEOS_DEPLOYMENT_TARGET = 10.1;
				MTL_ENABLE_DEBUG_INFO = YES;
				ONLY_ACTIVE_ARCH = YES;
				SDKROOT = iphoneos;
				SWIFT_ACTIVE_COMPILATION_CONDITIONS = DEBUG;
				SWIFT_OPTIMIZATION_LEVEL = "-Onone";
				TARGETED_DEVICE_FAMILY = "1,2";
			};
			name = Debug;
		};
		78872AA41DDCBF3C00038A55 /* Release */ = {
			isa = XCBuildConfiguration;
			buildSettings = {
				ALWAYS_SEARCH_USER_PATHS = NO;
				CLANG_ANALYZER_LOCALIZABILITY_NONLOCALIZED = YES;
				CLANG_ANALYZER_NONNULL = YES;
				CLANG_CXX_LANGUAGE_STANDARD = "gnu++0x";
				CLANG_CXX_LIBRARY = "libc++";
				CLANG_ENABLE_MODULES = YES;
				CLANG_ENABLE_OBJC_ARC = YES;
				CLANG_WARN_BLOCK_CAPTURE_AUTORELEASING = YES;
				CLANG_WARN_BOOL_CONVERSION = YES;
				CLANG_WARN_COMMA = YES;
				CLANG_WARN_CONSTANT_CONVERSION = YES;
				CLANG_WARN_DEPRECATED_OBJC_IMPLEMENTATIONS = YES;
				CLANG_WARN_DIRECT_OBJC_ISA_USAGE = YES_ERROR;
				CLANG_WARN_DOCUMENTATION_COMMENTS = YES;
				CLANG_WARN_EMPTY_BODY = YES;
				CLANG_WARN_ENUM_CONVERSION = YES;
				CLANG_WARN_INFINITE_RECURSION = YES;
				CLANG_WARN_INT_CONVERSION = YES;
				CLANG_WARN_NON_LITERAL_NULL_CONVERSION = YES;
				CLANG_WARN_OBJC_IMPLICIT_RETAIN_SELF = YES;
				CLANG_WARN_OBJC_LITERAL_CONVERSION = YES;
				CLANG_WARN_OBJC_ROOT_CLASS = YES_ERROR;
				CLANG_WARN_RANGE_LOOP_ANALYSIS = YES;
				CLANG_WARN_STRICT_PROTOTYPES = YES;
				CLANG_WARN_SUSPICIOUS_MOVE = YES;
				CLANG_WARN_SUSPICIOUS_MOVES = YES;
				CLANG_WARN_UNREACHABLE_CODE = YES;
				CLANG_WARN__DUPLICATE_METHOD_MATCH = YES;
				"CODE_SIGN_IDENTITY[sdk=iphoneos*]" = "iPhone Developer";
				COPY_PHASE_STRIP = NO;
				DEBUG_INFORMATION_FORMAT = "dwarf-with-dsym";
				ENABLE_NS_ASSERTIONS = NO;
				ENABLE_STRICT_OBJC_MSGSEND = YES;
				GCC_C_LANGUAGE_STANDARD = gnu99;
				GCC_NO_COMMON_BLOCKS = YES;
				GCC_WARN_64_TO_32_BIT_CONVERSION = YES;
				GCC_WARN_ABOUT_RETURN_TYPE = YES_ERROR;
				GCC_WARN_UNDECLARED_SELECTOR = YES;
				GCC_WARN_UNINITIALIZED_AUTOS = YES_AGGRESSIVE;
				GCC_WARN_UNUSED_FUNCTION = YES;
				GCC_WARN_UNUSED_VARIABLE = YES;
				IPHONEOS_DEPLOYMENT_TARGET = 10.1;
				MTL_ENABLE_DEBUG_INFO = NO;
				SDKROOT = iphoneos;
				SWIFT_OPTIMIZATION_LEVEL = "-Owholemodule";
				TARGETED_DEVICE_FAMILY = "1,2";
				VALIDATE_PRODUCT = YES;
			};
			name = Release;
		};
		78872AA61DDCBF3C00038A55 /* Debug */ = {
			isa = XCBuildConfiguration;
			buildSettings = {
				ASSETCATALOG_COMPILER_APPICON_NAME = AppIcon;
				DEVELOPMENT_TEAM = DEYT8Z7L38;
				FRAMEWORK_SEARCH_PATHS = (
					"$(inherited)",
					"$(PROJECT_DIR)/Carthage/Build/iOS",
				);
				INFOPLIST_FILE = NASApp/Info.plist;
				LD_RUNPATH_SEARCH_PATHS = "$(inherited) @executable_path/Frameworks";
				PRODUCT_BUNDLE_IDENTIFIER = me.thedan84.NASApp;
				PRODUCT_NAME = "$(TARGET_NAME)";
				SWIFT_SWIFT3_OBJC_INFERENCE = Default;
				SWIFT_VERSION = 5.0;
				TARGETED_DEVICE_FAMILY = 1;
			};
			name = Debug;
		};
		78872AA71DDCBF3C00038A55 /* Release */ = {
			isa = XCBuildConfiguration;
			buildSettings = {
				ASSETCATALOG_COMPILER_APPICON_NAME = AppIcon;
				DEVELOPMENT_TEAM = DEYT8Z7L38;
				FRAMEWORK_SEARCH_PATHS = (
					"$(inherited)",
					"$(PROJECT_DIR)/Carthage/Build/iOS",
				);
				INFOPLIST_FILE = NASApp/Info.plist;
				LD_RUNPATH_SEARCH_PATHS = "$(inherited) @executable_path/Frameworks";
				PRODUCT_BUNDLE_IDENTIFIER = me.thedan84.NASApp;
				PRODUCT_NAME = "$(TARGET_NAME)";
				SWIFT_SWIFT3_OBJC_INFERENCE = Default;
				SWIFT_VERSION = 5.0;
				TARGETED_DEVICE_FAMILY = 1;
			};
			name = Release;
		};
		78872AA91DDCBF3C00038A55 /* Debug */ = {
			isa = XCBuildConfiguration;
			buildSettings = {
				ALWAYS_EMBED_SWIFT_STANDARD_LIBRARIES = YES;
				BUNDLE_LOADER = "$(TEST_HOST)";
				DEVELOPMENT_TEAM = DEYT8Z7L38;
				INFOPLIST_FILE = NASAppTests/Info.plist;
				LD_RUNPATH_SEARCH_PATHS = "$(inherited) @executable_path/Frameworks @loader_path/Frameworks";
				PRODUCT_BUNDLE_IDENTIFIER = me.thedan84.NASAppTests;
				PRODUCT_NAME = "$(TARGET_NAME)";
				SWIFT_SWIFT3_OBJC_INFERENCE = Default;
				SWIFT_VERSION = 5.0;
				TEST_HOST = "$(BUILT_PRODUCTS_DIR)/NASApp.app/NASApp";
			};
			name = Debug;
		};
		78872AAA1DDCBF3C00038A55 /* Release */ = {
			isa = XCBuildConfiguration;
			buildSettings = {
				ALWAYS_EMBED_SWIFT_STANDARD_LIBRARIES = YES;
				BUNDLE_LOADER = "$(TEST_HOST)";
				DEVELOPMENT_TEAM = DEYT8Z7L38;
				INFOPLIST_FILE = NASAppTests/Info.plist;
				LD_RUNPATH_SEARCH_PATHS = "$(inherited) @executable_path/Frameworks @loader_path/Frameworks";
				PRODUCT_BUNDLE_IDENTIFIER = me.thedan84.NASAppTests;
				PRODUCT_NAME = "$(TARGET_NAME)";
				SWIFT_SWIFT3_OBJC_INFERENCE = Default;
				SWIFT_VERSION = 5.0;
				TEST_HOST = "$(BUILT_PRODUCTS_DIR)/NASApp.app/NASApp";
			};
			name = Release;
		};
/* End XCBuildConfiguration section */

/* Begin XCConfigurationList section */
		78872A831DDCBF3C00038A55 /* Build configuration list for PBXProject "NASApp" */ = {
			isa = XCConfigurationList;
			buildConfigurations = (
				78872AA31DDCBF3C00038A55 /* Debug */,
				78872AA41DDCBF3C00038A55 /* Release */,
			);
			defaultConfigurationIsVisible = 0;
			defaultConfigurationName = Release;
		};
		78872AA51DDCBF3C00038A55 /* Build configuration list for PBXNativeTarget "NASApp" */ = {
			isa = XCConfigurationList;
			buildConfigurations = (
				78872AA61DDCBF3C00038A55 /* Debug */,
				78872AA71DDCBF3C00038A55 /* Release */,
			);
			defaultConfigurationIsVisible = 0;
			defaultConfigurationName = Release;
		};
		78872AA81DDCBF3C00038A55 /* Build configuration list for PBXNativeTarget "NASAppTests" */ = {
			isa = XCConfigurationList;
			buildConfigurations = (
				78872AA91DDCBF3C00038A55 /* Debug */,
				78872AAA1DDCBF3C00038A55 /* Release */,
			);
			defaultConfigurationIsVisible = 0;
			defaultConfigurationName = Release;
		};
/* End XCConfigurationList section */
	};
	rootObject = 78872A801DDCBF3C00038A55 /* Project object */;
}
